
Microsoft Visual Studio Solution File, Format Version 12.00
# Visual Studio Version 17
VisualStudioVersion = 17.9.34728.123
MinimumVisualStudioVersion = 10.0.40219.1
Project("{9A19103F-16F7-4668-BE54-9A1E7A4F7556}") = "ValleyChests", "ValleyChests.csproj", "{7DE7FA91-9C51-47E9-AE19-C22AA9CF4227}"
EndProject
Project("{9A19103F-16F7-4668-BE54-9A1E7A4F7556}") = "SMUI", "..\SMUI\SMUI.csproj", "{AB4B2947-F4A0-4DCF-A2CE-4DBE5072C4A1}"
EndProject
Global
	GlobalSection(SolutionConfigurationPlatforms) = preSolution
		Debug|Any CPU = Debug|Any CPU
		Release|Any CPU = Release|Any CPU
	EndGlobalSection
	GlobalSection(ProjectConfigurationPlatforms) = postSolution
		{7DE7FA91-9C51-47E9-AE19-C22AA9CF4227}.Debug|Any CPU.ActiveCfg = Debug|Any CPU
		{7DE7FA91-9C51-47E9-AE19-C22AA9CF4227}.Debug|Any CPU.Build.0 = Debug|Any CPU
		{7DE7FA91-9C51-47E9-AE19-C22AA9CF4227}.Release|Any CPU.ActiveCfg = Release|Any CPU
		{7DE7FA91-9C51-47E9-AE19-C22AA9CF4227}.Release|Any CPU.Build.0 = Release|Any CPU
		{AB4B2947-F4A0-4DCF-A2CE-4DBE5072C4A1}.Debug|Any CPU.ActiveCfg = Debug|Any CPU
		{AB4B2947-F4A0-4DCF-A2CE-4DBE5072C4A1}.Debug|Any CPU.Build.0 = Debug|Any CPU
		{AB4B2947-F4A0-4DCF-A2CE-4DBE5072C4A1}.Release|Any CPU.ActiveCfg = Release|Any CPU
		{AB4B2947-F4A0-4DCF-A2CE-4DBE5072C4A1}.Release|Any CPU.Build.0 = Release|Any CPU
	EndGlobalSection
	GlobalSection(SolutionProperties) = preSolution
		HideSolutionNode = FALSE
	EndGlobalSection
	GlobalSection(ExtensibilityGlobals) = postSolution
		SolutionGuid = {877F0395-FEA5-4D1B-AC04-58AD2202AD73}
	EndGlobalSection
EndGlobal
